
Microsoft Visual Studio Solution File, Format Version 12.00
# Visual Studio Version 17
VisualStudioVersion = 17.1.32228.430
MinimumVisualStudioVersion = 10.0.40219.1
Project("{FAE04EC0-301F-11D3-BF4B-00C04F79EFBC}") = "RekursifAndExtensionMethods", "RekursifAndExtensionMethods\RekursifAndExtensionMethods.csproj", "{A099E114-83C7-4252-91BD-69008189F531}"
EndProject
Global
	GlobalSection(SolutionConfigurationPlatforms) = preSolution
		Debug|Any CPU = Debug|Any CPU
		Release|Any CPU = Release|Any CPU
	EndGlobalSection
	GlobalSection(ProjectConfigurationPlatforms) = postSolution
		{A099E114-83C7-4252-91BD-69008189F531}.Debug|Any CPU.ActiveCfg = Debug|Any CPU
		{A099E114-83C7-4252-91BD-69008189F531}.Debug|Any CPU.Build.0 = Debug|Any CPU
		{A099E114-83C7-4252-91BD-69008189F531}.Release|Any CPU.ActiveCfg = Release|Any CPU
		{A099E114-83C7-4252-91BD-69008189F531}.Release|Any CPU.Build.0 = Release|Any CPU
	EndGlobalSection
	GlobalSection(SolutionProperties) = preSolution
		HideSolutionNode = FALSE
	EndGlobalSection
	GlobalSection(ExtensibilityGlobals) = postSolution
		SolutionGuid = {0C720438-9255-4C52-8507-68E6A21D6E3B}
	EndGlobalSection
EndGlobal
